PODS:
  - AFNetworking (3.1.0):
    - AFNetworking/NSURLSession (= 3.1.0)
    - AFNetworking/Reachability (= 3.1.0)
    - AFNetworking/Security (= 3.1.0)
    - AFNetworking/Serialization (= 3.1.0)
    - AFNetworking/UIKit (= 3.1.0)
  - AFNetworking/NSURLSession (3.1.0):
    - AFNetworking/Reachability
    - AFNetworking/Security
    - AFNetworking/Serialization
  - AFNetworking/Reachability (3.1.0)
  - AFNetworking/Security (3.1.0)
  - AFNetworking/Serialization (3.1.0)
  - AFNetworking/UIKit (3.1.0):
    - AFNetworking/NSURLSession
  - MyOftenUseTool (0.7.0):
    - AFNetworking (~> 3.1.0)
    - MyOftenUseTool/AFNRequest (= 0.7.0)
    - MyOftenUseTool/APPStoreUpdate (= 0.7.0)
    - MyOftenUseTool/Foundation+Category (= 0.7.0)
    - MyOftenUseTool/HUDMethod (= 0.7.0)
    - MyOftenUseTool/SystemMethod (= 0.7.0)
    - MyOftenUseTool/UIKit+Category (= 0.7.0)
    - pop
    - SAMKeychain
    - SVProgressHUD
    - YYCache
  - MyOftenUseTool/AFNRequest (0.7.0):
    - AFNetworking (~> 3.1.0)
    - pop
    - SAMKeychain
    - SVProgressHUD
    - YYCache
  - MyOftenUseTool/APPStoreUpdate (0.7.0):
    - AFNetworking (~> 3.1.0)
    - pop
    - SAMKeychain
    - SVProgressHUD
    - YYCache
  - MyOftenUseTool/Foundation+Category (0.7.0):
    - AFNetworking (~> 3.1.0)
    - pop
    - SAMKeychain
    - SVProgressHUD
    - YYCache
  - MyOftenUseTool/HUDMethod (0.7.0):
    - AFNetworking (~> 3.1.0)
    - pop
    - SAMKeychain
    - SVProgressHUD
    - YYCache
  - MyOftenUseTool/SystemMethod (0.7.0):
    - AFNetworking (~> 3.1.0)
    - pop
    - SAMKeychain
    - SVProgressHUD
    - YYCache
  - MyOftenUseTool/UIKit+Category (0.7.0):
    - AFNetworking (~> 3.1.0)
    - pop
    - SAMKeychain
    - SVProgressHUD
    - YYCache
  - pop (1.0.10)
  - SAMKeychain (1.5.3)
  - SVProgressHUD (2.2.2)
  - YYCache (1.0.4)

DEPENDENCIES:
  - MyOftenUseTool (from `../`)

EXTERNAL SOURCES:
  MyOftenUseTool:
    :path: ../

SPEC CHECKSUMS:
  AFNetworking: 5e0e199f73d8626b11e79750991f5d173d1f8b67
  MyOftenUseTool: dee902e67fc7088c5d2042b22bfb85d14d1202a1
  pop: 82ca6b068ce9278fd350fd9dd09482a0ce9492e6
  SAMKeychain: 483e1c9f32984d50ca961e26818a534283b4cd5c
  SVProgressHUD: 59b2d3dabacbd051576d21d32293ca7228dc18b0
  YYCache: 8105b6638f5e849296c71f331ff83891a4942952

PODFILE CHECKSUM: 29cf27f18207caf3277924b498f5aad7a36dd75d

COCOAPODS: 1.3.1
