PODS:
  - AFNetworking (3.1.0):
    - AFNetworking/NSURLSession (= 3.1.0)
    - AFNetworking/Reachability (= 3.1.0)
    - AFNetworking/Security (= 3.1.0)
    - AFNetworking/Serialization (= 3.1.0)
    - AFNetworking/UIKit (= 3.1.0)
  - AFNetworking/NSURLSession (3.1.0):
    - AFNetworking/Reachability
    - AFNetworking/Security
    - AFNetworking/Serialization
  - AFNetworking/Reachability (3.1.0)
  - AFNetworking/Security (3.1.0)
  - AFNetworking/Serialization (3.1.0)
  - AFNetworking/UIKit (3.1.0):
    - AFNetworking/NSURLSession
  - MyOftenUseTool (0.6.2):
    - AFNetworking (~> 3.1.0)
    - MyOftenUseTool/AFNRequest (= 0.6.2)
    - MyOftenUseTool/APPStoreUpdate (= 0.6.2)
    - MyOftenUseTool/Foundation+Category (= 0.6.2)
    - MyOftenUseTool/HUDMethod (= 0.6.2)
    - MyOftenUseTool/SystemMethod (= 0.6.2)
    - MyOftenUseTool/UIKit+Category (= 0.6.2)
    - pop
    - SAMKeychain
    - SVProgressHUD
    - YYCache
  - MyOftenUseTool/AFNRequest (0.6.2):
    - AFNetworking (~> 3.1.0)
    - pop
    - SAMKeychain
    - SVProgressHUD
    - YYCache
  - MyOftenUseTool/APPStoreUpdate (0.6.2):
    - AFNetworking (~> 3.1.0)
    - pop
    - SAMKeychain
    - SVProgressHUD
    - YYCache
  - MyOftenUseTool/Foundation+Category (0.6.2):
    - AFNetworking (~> 3.1.0)
    - pop
    - SAMKeychain
    - SVProgressHUD
    - YYCache
  - MyOftenUseTool/HUDMethod (0.6.2):
    - AFNetworking (~> 3.1.0)
    - pop
    - SAMKeychain
    - SVProgressHUD
    - YYCache
  - MyOftenUseTool/SystemMethod (0.6.2):
    - AFNetworking (~> 3.1.0)
    - pop
    - SAMKeychain
    - SVProgressHUD
    - YYCache
  - MyOftenUseTool/UIKit+Category (0.6.2):
    - AFNetworking (~> 3.1.0)
    - pop
    - SAMKeychain
    - SVProgressHUD
    - YYCache
  - pop (1.0.9)
  - SAMKeychain (1.5.2)
  - SVProgressHUD (2.1.2)
  - YYCache (1.0.4)

DEPENDENCIES:
  - MyOftenUseTool (from `../`)

EXTERNAL SOURCES:
  MyOftenUseTool:
    :path: ../

SPEC CHECKSUMS:
  AFNetworking: 5e0e199f73d8626b11e79750991f5d173d1f8b67
  MyOftenUseTool: 3c8a2de520508dfeef2a01542b0b363d2fce449b
  pop: f667631a5108a2e60d9e8797c9b32ddaf2080bce
  SAMKeychain: 1865333198217411f35327e8da61b43de79b635b
  SVProgressHUD: c404a55d78acbeb7ebb78b76d3faf986475a6994
  YYCache: 8105b6638f5e849296c71f331ff83891a4942952

PODFILE CHECKSUM: 29cf27f18207caf3277924b498f5aad7a36dd75d

COCOAPODS: 1.2.0
